<?xml version="1.0" encoding="utf-8"?>
<Project ToolsVersion="4.0" xmlns="http://schemas.microsoft.com/developer/msbuild/2003">
  <ItemGroup>
    <Filter Include="Source Files">
      <UniqueIdentifier>{4FC737F1-C7A5-4376-A066-2A32D752A2FF}</UniqueIdentifier>
      <Extensions>cpp;c;cc;cxx;c++;cppm;ixx;def;odl;idl;hpj;bat;asm;asmx</Extensions>
    </Filter>
    <Filter Include="Header Files">
      <UniqueIdentifier>{93995380-89BD-4b04-88EB-625FBE52EBFB}</UniqueIdentifier>
      <Extensions>h;hh;hpp;hxx;h++;hm;inl;inc;ipp;xsd</Extensions>
    </Filter>
    <Filter Include="Resource Files">
      <UniqueIdentifier>{67DA6AB6-F800-4c08-8B7A-83BB121AAD01}</UniqueIdentifier>
      <Extensions>rc;ico;cur;bmp;dlg;rc2;rct;bin;rgs;gif;jpg;jpeg;jpe;resx;tiff;tif;png;wav;mfcribbon-ms</Extensions>
    </Filter>
  </ItemGroup>
  <ItemGroup>
    <ClCompile Include="main.cpp">
      <Filter>Source Files</Filter>
    </ClCompile>
    <ClCompile Include="src\glad.c">
      <Filter>Source Files</Filter>
    </ClCompile>
    <ClCompile Include="src\shaders\shaderi.cpp">
      <Filter>Source Files</Filter>
    </ClCompile>
    <ClCompile Include="src\vertexarray.cpp">
      <Filter>Source Files</Filter>
    </ClCompile>
    <ClCompile Include="src\texture2d.cpp">
      <Filter>Source Files</Filter>
    </ClCompile>
    <ClCompile Include="src\model.cpp">
      <Filter>Source Files</Filter>
    </ClCompile>
    <ClCompile Include="src\mesh.cpp">
      <Filter>Source Files</Filter>
    </ClCompile>
    <ClCompile Include="src\transform.cpp">
      <Filter>Source Files</Filter>
    </ClCompile>
    <ClCompile Include="src\camera.cpp">
      <Filter>Source Files</Filter>
    </ClCompile>
    <ClCompile Include="src\texturetypes.cpp">
      <Filter>Source Files</Filter>
    </ClCompile>
    <ClCompile Include="src\shaders\shaderdeferred.cpp">
      <Filter>Source Files</Filter>
    </ClCompile>
    <ClCompile Include="src\shaders\shadermesh.cpp">
      <Filter>Source Files</Filter>
    </ClCompile>
    <ClCompile Include="src\shaders\shaderpostprocess.cpp">
      <Filter>Source Files</Filter>
    </ClCompile>
    <ClCompile Include="src\scene.cpp">
      <Filter>Source Files</Filter>
    </ClCompile>
    <ClCompile Include="src\imgui\imgui.cpp">
      <Filter>Source Files</Filter>
    </ClCompile>
    <ClCompile Include="src\imgui\imgui_demo.cpp">
      <Filter>Source Files</Filter>
    </ClCompile>
    <ClCompile Include="src\imgui\imgui_draw.cpp">
      <Filter>Source Files</Filter>
    </ClCompile>
    <ClCompile Include="src\imgui\imgui_impl_glfw.cpp">
      <Filter>Source Files</Filter>
    </ClCompile>
    <ClCompile Include="src\imgui\imgui_impl_opengl3.cpp">
      <Filter>Source Files</Filter>
    </ClCompile>
    <ClCompile Include="src\imgui\imgui_tables.cpp">
      <Filter>Source Files</Filter>
    </ClCompile>
    <ClCompile Include="src\imgui\imgui_widgets.cpp">
      <Filter>Source Files</Filter>
    </ClCompile>
    <ClCompile Include="src\app.cpp">
      <Filter>Source Files</Filter>
    </ClCompile>
    <ClCompile Include="src\shaders\shaderpointlight.cpp">
      <Filter>Source Files</Filter>
    </ClCompile>
    <ClCompile Include="src\editor.cpp">
      <Filter>Source Files</Filter>
    </ClCompile>
    <ClCompile Include="src\componenttypes.cpp">
      <Filter>Source Files</Filter>
    </ClCompile>
    <ClCompile Include="src\pointlight.cpp">
      <Filter>Source Files</Filter>
    </ClCompile>
    <ClCompile Include="src\sceneobject.cpp">
      <Filter>Source Files</Filter>
    </ClCompile>
    <ClCompile Include="src\inputsjustpressed.cpp">
      <Filter>Source Files</Filter>
    </ClCompile>
  </ItemGroup>
  <ItemGroup>
    <ClInclude Include="include\shaders\shaderi.h">
      <Filter>Header Files</Filter>
    </ClInclude>
    <ClInclude Include="include\OpenGLObjects\BUF.h">
      <Filter>Header Files</Filter>
    </ClInclude>
    <ClInclude Include="include\OpenGLObjects\FBO.h">
      <Filter>Header Files</Filter>
    </ClInclude>
    <ClInclude Include="include\OpenGLObjects\RBO.h">
      <Filter>Header Files</Filter>
    </ClInclude>
    <ClInclude Include="include\OpenGLObjects\TEX.h">
      <Filter>Header Files</Filter>
    </ClInclude>
    <ClInclude Include="include\OpenGLObjects\VAO.h">
      <Filter>Header Files</Filter>
    </ClInclude>
    <ClInclude Include="include\model.h">
      <Filter>Header Files</Filter>
    </ClInclude>
    <ClInclude Include="include\mesh.h">
      <Filter>Header Files</Filter>
    </ClInclude>
    <ClInclude Include="include\material.h">
      <Filter>Header Files</Filter>
    </ClInclude>
    <ClInclude Include="include\texture2d.h">
      <Filter>Header Files</Filter>
    </ClInclude>
    <ClInclude Include="include\vertexarray.h">
      <Filter>Header Files</Filter>
    </ClInclude>
    <ClInclude Include="include\transform.h">
      <Filter>Header Files</Filter>
    </ClInclude>
    <ClInclude Include="include\camera.h">
      <Filter>Header Files</Filter>
    </ClInclude>
    <ClInclude Include="include\framebuffer.h">
      <Filter>Header Files</Filter>
    </ClInclude>
    <ClInclude Include="include\app.h">
      <Filter>Header Files</Filter>
    </ClInclude>
    <ClInclude Include="include\texturetypes.h">
      <Filter>Header Files</Filter>
    </ClInclude>
    <ClInclude Include="include\shaders\shadermesh.h">
      <Filter>Header Files</Filter>
    </ClInclude>
    <ClInclude Include="include\shaders\shaderpostprocess.h">
      <Filter>Header Files</Filter>
    </ClInclude>
    <ClInclude Include="include\shaders\shaderdeferred.h">
      <Filter>Header Files</Filter>
    </ClInclude>
    <ClInclude Include="include\scene.h">
      <Filter>Header Files</Filter>
    </ClInclude>
    <ClInclude Include="include\pointlight.h">
      <Filter>Header Files</Filter>
    </ClInclude>
    <ClInclude Include="include\vertexarrayscreen.h">
      <Filter>Header Files</Filter>
    </ClInclude>
    <ClInclude Include="include\shaders\shaderpointlight.h">
      <Filter>Header Files</Filter>
    </ClInclude>
    <ClInclude Include="include\cameradatabuffer.h">
      <Filter>Header Files</Filter>
    </ClInclude>
    <ClInclude Include="include\directionallight.h">
      <Filter>Header Files</Filter>
    </ClInclude>
    <ClInclude Include="include\editor.h">
      <Filter>Header Files</Filter>
    </ClInclude>
    <ClInclude Include="include\component.h">
      <Filter>Header Files</Filter>
    </ClInclude>
    <ClInclude Include="include\componenttypes.h">
      <Filter>Header Files</Filter>
    </ClInclude>
    <ClInclude Include="include\sceneobject.h">
      <Filter>Header Files</Filter>
    </ClInclude>
    <ClInclude Include="include\rendersettings.h">
      <Filter>Header Files</Filter>
    </ClInclude>
    <ClInclude Include="include\inputsjustpressed.h">
      <Filter>Header Files</Filter>
    </ClInclude>
  </ItemGroup>
  <ItemGroup>
    <Library Include="libraries\glfw3dll.lib" />
    <Library Include="libraries\assimp-vc143-mtd.lib" />
  </ItemGroup>
  <ItemGroup>
    <None Include="glfw3.dll" />
    <None Include=".gitignore" />
    <None Include="assimp-vc143-mt.dll" />
    <None Include="assets\shaders\deferred.frag" />
    <None Include="assets\shaders\deferred.vert" />
    <None Include="assets\shaders\meshgeometry.frag" />
    <None Include="assets\shaders\meshgeometry.vert" />
    <None Include="assets\shaders\pointlightgeometry.frag" />
    <None Include="assets\shaders\pointlightgeometry.vert" />
    <None Include="assets\shaders\postprocess.frag" />
    <None Include="assets\shaders\postprocess.vert" />
    <None Include="assets\shaders\buffers.glsl" />
  </ItemGroup>
</Project>